
Microsoft Visual Studio Solution File, Format Version 12.00
# Visual Studio Version 17
VisualStudioVersion = 17.3.32804.467
MinimumVisualStudioVersion = 10.0.40219.1
Project("{FAE04EC0-301F-11D3-BF4B-00C04F79EFBC}") = "Phase1Section3.8", "Phase1Section3.8\Phase1Section3.8.csproj", "{CE5B6A95-45B0-46DD-9EC5-56CB2E540FD0}"
EndProject
Global
	GlobalSection(SolutionConfigurationPlatforms) = preSolution
		Debug|Any CPU = Debug|Any CPU
		Release|Any CPU = Release|Any CPU
	EndGlobalSection
	GlobalSection(ProjectConfigurationPlatforms) = postSolution
		{CE5B6A95-45B0-46DD-9EC5-56CB2E540FD0}.Debug|Any CPU.ActiveCfg = Debug|Any CPU
		{CE5B6A95-45B0-46DD-9EC5-56CB2E540FD0}.Debug|Any CPU.Build.0 = Debug|Any CPU
		{CE5B6A95-45B0-46DD-9EC5-56CB2E540FD0}.Release|Any CPU.ActiveCfg = Release|Any CPU
		{CE5B6A95-45B0-46DD-9EC5-56CB2E540FD0}.Release|Any CPU.Build.0 = Release|Any CPU
	EndGlobalSection
	GlobalSection(SolutionProperties) = preSolution
		HideSolutionNode = FALSE
	EndGlobalSection
	GlobalSection(ExtensibilityGlobals) = postSolution
		SolutionGuid = {121F9D00-DCA6-49C2-B831-DBD347459822}
	EndGlobalSection
EndGlobal
